// !$*UTF8*$!
{
	archiveVersion = 1;
	classes = {
	};
	objectVersion = 52;
	objects = {

/* Begin PBXBuildFile section */
		2A09EE5D24435D9D00F472C1 /* BiometricButtonLabel.swift in Sources */ = {isa = PBXBuildFile; fileRef = 2A09EE5C24435D9D00F472C1 /* BiometricButtonLabel.swift */; };
		2A2EE7A92445F89F00BE1AE7 /* NavBar.swift in Sources */ = {isa = PBXBuildFile; fileRef = 2A2EE7A82445F89F00BE1AE7 /* NavBar.swift */; };
		2A2EE7AC2445F99E00BE1AE7 /* CurvedShape.swift in Sources */ = {isa = PBXBuildFile; fileRef = 2A2EE7AB2445F99E00BE1AE7 /* CurvedShape.swift */; };
		2A2EE7AE2445F9ED00BE1AE7 /* CurvedShapeModifier.swift in Sources */ = {isa = PBXBuildFile; fileRef = 2A2EE7AD2445F9ED00BE1AE7 /* CurvedShapeModifier.swift */; };
		2A2EE7B02445FB5B00BE1AE7 /* LCSearchField.swift in Sources */ = {isa = PBXBuildFile; fileRef = 2A2EE7AF2445FB5B00BE1AE7 /* LCSearchField.swift */; };
		2A623D1D255684CA00845695 /* PasswordGeneratorService.swift in Sources */ = {isa = PBXBuildFile; fileRef = 2A623D1C255684CA00845695 /* PasswordGeneratorService.swift */; };
		2A623D2225568EFD00845695 /* PasswordItem.swift in Sources */ = {isa = PBXBuildFile; fileRef = 2A623D2125568EFD00845695 /* PasswordItem.swift */; };
		2A623D2525568F1700845695 /* NoteItem.swift in Sources */ = {isa = PBXBuildFile; fileRef = 2A623D2425568F1700845695 /* NoteItem.swift */; };
		2A623D2925568F6300845695 /* PasswordViewModel.swift in Sources */ = {isa = PBXBuildFile; fileRef = 2A623D2825568F6300845695 /* PasswordViewModel.swift */; };
		2A623D2D25568F6C00845695 /* NoteViewModel.swift in Sources */ = {isa = PBXBuildFile; fileRef = 2A623D2C25568F6C00845695 /* NoteViewModel.swift */; };
		2A623D312556922100845695 /* CoreDataManager.swift in Sources */ = {isa = PBXBuildFile; fileRef = 2A623D302556922100845695 /* CoreDataManager.swift */; };
		2A623D352556962900845695 /* FetchResultWrapper.swift in Sources */ = {isa = PBXBuildFile; fileRef = 2A623D342556962900845695 /* FetchResultWrapper.swift */; };
		2A623D38255698F800845695 /* DateExt.swift in Sources */ = {isa = PBXBuildFile; fileRef = 2A623D37255698F800845695 /* DateExt.swift */; };
		2A6754292469856100B7B8BD /* PasswordGeneratorView.swift in Sources */ = {isa = PBXBuildFile; fileRef = 2A6754282469856100B7B8BD /* PasswordGeneratorView.swift */; };
		2A67542C2469862800B7B8BD /* CustomToggleStyle.swift in Sources */ = {isa = PBXBuildFile; fileRef = 2A67542B2469862800B7B8BD /* CustomToggleStyle.swift */; };
		2A67542F2469888000B7B8BD /* LinearGradientExt.swift in Sources */ = {isa = PBXBuildFile; fileRef = 2A67542E2469888000B7B8BD /* LinearGradientExt.swift */; };
		2A675431246988BF00B7B8BD /* ViewExt.swift in Sources */ = {isa = PBXBuildFile; fileRef = 2A675430246988BF00B7B8BD /* ViewExt.swift */; };
		2A81C2FE24616480009E257D /* FormType.swift in Sources */ = {isa = PBXBuildFile; fileRef = 2A81C2FD24616480009E257D /* FormType.swift */; };
		2A81C300246164C6009E257D /* FormHeader.swift in Sources */ = {isa = PBXBuildFile; fileRef = 2A81C2FF246164C6009E257D /* FormHeader.swift */; };
		2A81C3022461654F009E257D /* StringExt.swift in Sources */ = {isa = PBXBuildFile; fileRef = 2A81C3012461654F009E257D /* StringExt.swift */; };
		2A81C30424616AC0009E257D /* EditFormView.swift in Sources */ = {isa = PBXBuildFile; fileRef = 2A81C30324616AC0009E257D /* EditFormView.swift */; };
		2A8D562C243E02F000C6E1E7 /* SinglePass.xcdatamodeld in Sources */ = {isa = PBXBuildFile; fileRef = 2A8D562A243E02F000C6E1E7 /* SinglePass.xcdatamodeld */; };
		2A8D562F243E041400C6E1E7 /* ColorExt.swift in Sources */ = {isa = PBXBuildFile; fileRef = 2A8D562E243E041400C6E1E7 /* ColorExt.swift */; };
		2AA1D697244F28E400AC8318 /* FilterView.swift in Sources */ = {isa = PBXBuildFile; fileRef = 2AA1D696244F28E400AC8318 /* FilterView.swift */; };
		2AA1D69A244F29C400AC8318 /* Filter.swift in Sources */ = {isa = PBXBuildFile; fileRef = 2AA1D699244F29C400AC8318 /* Filter.swift */; };
		2AA1D69C244F2C7E00AC8318 /* HeaderView.swift in Sources */ = {isa = PBXBuildFile; fileRef = 2AA1D69B244F2C7E00AC8318 /* HeaderView.swift */; };
		2AACFE9B24420DAB0046B013 /* KeychainSwift in Frameworks */ = {isa = PBXBuildFile; productRef = 2AACFE9A24420DAB0046B013 /* KeychainSwift */; };
		2AACFE9D24420EDF0046B013 /* AuthKeys.swift in Sources */ = {isa = PBXBuildFile; fileRef = 2AACFE9C24420EDF0046B013 /* AuthKeys.swift */; };
		2AACFE9F24420F060046B013 /* User.swift in Sources */ = {isa = PBXBuildFile; fileRef = 2AACFE9E24420F060046B013 /* User.swift */; };
		2AB49BD02440B6DD004F92B8 /* AuthenticationManager.swift in Sources */ = {isa = PBXBuildFile; fileRef = 2AB49BCF2440B6DD004F92B8 /* AuthenticationManager.swift */; };
		2AB49BD32440B6F9004F92B8 /* FormValidation.swift in Sources */ = {isa = PBXBuildFile; fileRef = 2AB49BD22440B6F9004F92B8 /* FormValidation.swift */; };
		2AD0942C2458743A00E5C18F /* HomeView.swift in Sources */ = {isa = PBXBuildFile; fileRef = 2AD0942B2458743A00E5C18F /* HomeView.swift */; };
		2AD0942E2458745C00E5C18F /* RowItems.swift in Sources */ = {isa = PBXBuildFile; fileRef = 2AD0942D2458745C00E5C18F /* RowItems.swift */; };
		2AD09430245875A700E5C18F /* SectionTitle.swift in Sources */ = {isa = PBXBuildFile; fileRef = 2AD0942F245875A700E5C18F /* SectionTitle.swift */; };
		2AD3498C243CA592005FDC60 /* AppDelegate.swift in Sources */ = {isa = PBXBuildFile; fileRef = 2AD3498B243CA592005FDC60 /* AppDelegate.swift */; };
		2AD3498E243CA592005FDC60 /* SceneDelegate.swift in Sources */ = {isa = PBXBuildFile; fileRef = 2AD3498D243CA592005FDC60 /* SceneDelegate.swift */; };
		2AD34990243CA592005FDC60 /* ContentView.swift in Sources */ = {isa = PBXBuildFile; fileRef = 2AD3498F243CA592005FDC60 /* ContentView.swift */; };
		2AD34992243CA593005FDC60 /* Assets.xcassets in Resources */ = {isa = PBXBuildFile; fileRef = 2AD34991243CA593005FDC60 /* Assets.xcassets */; };
		2AD34995243CA593005FDC60 /* Preview Assets.xcassets in Resources */ = {isa = PBXBuildFile; fileRef = 2AD34994243CA593005FDC60 /* Preview Assets.xcassets */; };
		2AD34998243CA593005FDC60 /* LaunchScreen.storyboard in Resources */ = {isa = PBXBuildFile; fileRef = 2AD34996243CA593005FDC60 /* LaunchScreen.storyboard */; };
		2AE80E84243F5F16006D0233 /* NeumorphicEffect.swift in Sources */ = {isa = PBXBuildFile; fileRef = 2AE80E83243F5F16006D0233 /* NeumorphicEffect.swift */; };
		2AE80E87243F5F65006D0233 /* AuthenticationView.swift in Sources */ = {isa = PBXBuildFile; fileRef = 2AE80E86243F5F65006D0233 /* AuthenticationView.swift */; };
		2AE80E8A243F5FF1006D0233 /* SharedTextfield.swift in Sources */ = {isa = PBXBuildFile; fileRef = 2AE80E89243F5FF1006D0233 /* SharedTextfield.swift */; };
		2AE80E8C243F603D006D0233 /* PasswordField.swift in Sources */ = {isa = PBXBuildFile; fileRef = 2AE80E8B243F603D006D0233 /* PasswordField.swift */; };
		2AE80E8E243F6075006D0233 /* LCButton.swift in Sources */ = {isa = PBXBuildFile; fileRef = 2AE80E8D243F6075006D0233 /* LCButton.swift */; };
		2AE80E91243F60AB006D0233 /* HapticFeedback.swift in Sources */ = {isa = PBXBuildFile; fileRef = 2AE80E90243F60AB006D0233 /* HapticFeedback.swift */; };
		2AE80E93243F60DA006D0233 /* LoginView.swift in Sources */ = {isa = PBXBuildFile; fileRef = 2AE80E92243F60DA006D0233 /* LoginView.swift */; };
		2AE80E95243F6113006D0233 /* FormModifier.swift in Sources */ = {isa = PBXBuildFile; fileRef = 2AE80E94243F6113006D0233 /* FormModifier.swift */; };
		2AE80E97243F616E006D0233 /* NotificationCenterExt.swift in Sources */ = {isa = PBXBuildFile; fileRef = 2AE80E96243F616E006D0233 /* NotificationCenterExt.swift */; };
		2AE80E99243F6304006D0233 /* AccountCreationView.swift in Sources */ = {isa = PBXBuildFile; fileRef = 2AE80E98243F6304006D0233 /* AccountCreationView.swift */; };
/* End PBXBuildFile section */

/* Begin PBXFileReference section */
		2A09EE5C24435D9D00F472C1 /* BiometricButtonLabel.swift */ = {isa = PBXFileReference; lastKnownFileType = sourcecode.swift; path = BiometricButtonLabel.swift; sourceTree = "<group>"; };
		2A2EE7A82445F89F00BE1AE7 /* NavBar.swift */ = {isa = PBXFileReference; lastKnownFileType = sourcecode.swift; path = NavBar.swift; sourceTree = "<group>"; };
		2A2EE7AB2445F99E00BE1AE7 /* CurvedShape.swift */ = {isa = PBXFileReference; lastKnownFileType = sourcecode.swift; path = CurvedShape.swift; sourceTree = "<group>"; };
		2A2EE7AD2445F9ED00BE1AE7 /* CurvedShapeModifier.swift */ = {isa = PBXFileReference; lastKnownFileType = sourcecode.swift; path = CurvedShapeModifier.swift; sourceTree = "<group>"; };
		2A2EE7AF2445FB5B00BE1AE7 /* LCSearchField.swift */ = {isa = PBXFileReference; lastKnownFileType = sourcecode.swift; path = LCSearchField.swift; sourceTree = "<group>"; };
		2A623D1C255684CA00845695 /* PasswordGeneratorService.swift */ = {isa = PBXFileReference; lastKnownFileType = sourcecode.swift; path = PasswordGeneratorService.swift; sourceTree = "<group>"; };
		2A623D2125568EFD00845695 /* PasswordItem.swift */ = {isa = PBXFileReference; lastKnownFileType = sourcecode.swift; path = PasswordItem.swift; sourceTree = "<group>"; };
		2A623D2425568F1700845695 /* NoteItem.swift */ = {isa = PBXFileReference; lastKnownFileType = sourcecode.swift; path = NoteItem.swift; sourceTree = "<group>"; };
		2A623D2825568F6300845695 /* PasswordViewModel.swift */ = {isa = PBXFileReference; lastKnownFileType = sourcecode.swift; path = PasswordViewModel.swift; sourceTree = "<group>"; };
		2A623D2C25568F6C00845695 /* NoteViewModel.swift */ = {isa = PBXFileReference; lastKnownFileType = sourcecode.swift; path = NoteViewModel.swift; sourceTree = "<group>"; };
		2A623D302556922100845695 /* CoreDataManager.swift */ = {isa = PBXFileReference; lastKnownFileType = sourcecode.swift; path = CoreDataManager.swift; sourceTree = "<group>"; };
		2A623D342556962900845695 /* FetchResultWrapper.swift */ = {isa = PBXFileReference; lastKnownFileType = sourcecode.swift; path = FetchResultWrapper.swift; sourceTree = "<group>"; };
		2A623D37255698F800845695 /* DateExt.swift */ = {isa = PBXFileReference; lastKnownFileType = sourcecode.swift; path = DateExt.swift; sourceTree = "<group>"; };
		2A6754282469856100B7B8BD /* PasswordGeneratorView.swift */ = {isa = PBXFileReference; lastKnownFileType = sourcecode.swift; path = PasswordGeneratorView.swift; sourceTree = "<group>"; };
		2A67542B2469862800B7B8BD /* CustomToggleStyle.swift */ = {isa = PBXFileReference; lastKnownFileType = sourcecode.swift; path = CustomToggleStyle.swift; sourceTree = "<group>"; };
		2A67542E2469888000B7B8BD /* LinearGradientExt.swift */ = {isa = PBXFileReference; lastKnownFileType = sourcecode.swift; path = LinearGradientExt.swift; sourceTree = "<group>"; };
		2A675430246988BF00B7B8BD /* ViewExt.swift */ = {isa = PBXFileReference; lastKnownFileType = sourcecode.swift; path = ViewExt.swift; sourceTree = "<group>"; };
		2A81C2FD24616480009E257D /* FormType.swift */ = {isa = PBXFileReference; lastKnownFileType = sourcecode.swift; path = FormType.swift; sourceTree = "<group>"; };
		2A81C2FF246164C6009E257D /* FormHeader.swift */ = {isa = PBXFileReference; lastKnownFileType = sourcecode.swift; path = FormHeader.swift; sourceTree = "<group>"; };
		2A81C3012461654F009E257D /* StringExt.swift */ = {isa = PBXFileReference; lastKnownFileType = sourcecode.swift; path = StringExt.swift; sourceTree = "<group>"; };
		2A81C30324616AC0009E257D /* EditFormView.swift */ = {isa = PBXFileReference; lastKnownFileType = sourcecode.swift; path = EditFormView.swift; sourceTree = "<group>"; };
		2A8D562B243E02F000C6E1E7 /* SinglePass.xcdatamodel */ = {isa = PBXFileReference; lastKnownFileType = wrapper.xcdatamodel; path = SinglePass.xcdatamodel; sourceTree = "<group>"; };
		2A8D562E243E041400C6E1E7 /* ColorExt.swift */ = {isa = PBXFileReference; lastKnownFileType = sourcecode.swift; path = ColorExt.swift; sourceTree = "<group>"; };
		2AA1D696244F28E400AC8318 /* FilterView.swift */ = {isa = PBXFileReference; lastKnownFileType = sourcecode.swift; path = FilterView.swift; sourceTree = "<group>"; };
		2AA1D699244F29C400AC8318 /* Filter.swift */ = {isa = PBXFileReference; lastKnownFileType = sourcecode.swift; path = Filter.swift; sourceTree = "<group>"; };
		2AA1D69B244F2C7E00AC8318 /* HeaderView.swift */ = {isa = PBXFileReference; lastKnownFileType = sourcecode.swift; path = HeaderView.swift; sourceTree = "<group>"; };
		2AACFE9C24420EDF0046B013 /* AuthKeys.swift */ = {isa = PBXFileReference; lastKnownFileType = sourcecode.swift; path = AuthKeys.swift; sourceTree = "<group>"; };
		2AACFE9E24420F060046B013 /* User.swift */ = {isa = PBXFileReference; lastKnownFileType = sourcecode.swift; path = User.swift; sourceTree = "<group>"; };
		2AB49BCF2440B6DD004F92B8 /* AuthenticationManager.swift */ = {isa = PBXFileReference; lastKnownFileType = sourcecode.swift; path = AuthenticationManager.swift; sourceTree = "<group>"; };
		2AB49BD22440B6F9004F92B8 /* FormValidation.swift */ = {isa = PBXFileReference; lastKnownFileType = sourcecode.swift; path = FormValidation.swift; sourceTree = "<group>"; };
		2AD0942B2458743A00E5C18F /* HomeView.swift */ = {isa = PBXFileReference; lastKnownFileType = sourcecode.swift; path = HomeView.swift; sourceTree = "<group>"; };
		2AD0942D2458745C00E5C18F /* RowItems.swift */ = {isa = PBXFileReference; lastKnownFileType = sourcecode.swift; path = RowItems.swift; sourceTree = "<group>"; };
		2AD0942F245875A700E5C18F /* SectionTitle.swift */ = {isa = PBXFileReference; lastKnownFileType = sourcecode.swift; path = SectionTitle.swift; sourceTree = "<group>"; };
		2AD34988243CA592005FDC60 /* LastPassCloneSwiftUI.app */ = {isa = PBXFileReference; explicitFileType = wrapper.application; includeInIndex = 0; path = LastPassCloneSwiftUI.app; sourceTree = BUILT_PRODUCTS_DIR; };
		2AD3498B243CA592005FDC60 /* AppDelegate.swift */ = {isa = PBXFileReference; lastKnownFileType = sourcecode.swift; path = AppDelegate.swift; sourceTree = "<group>"; };
		2AD3498D243CA592005FDC60 /* SceneDelegate.swift */ = {isa = PBXFileReference; lastKnownFileType = sourcecode.swift; path = SceneDelegate.swift; sourceTree = "<group>"; };
		2AD3498F243CA592005FDC60 /* ContentView.swift */ = {isa = PBXFileReference; lastKnownFileType = sourcecode.swift; path = ContentView.swift; sourceTree = "<group>"; };
		2AD34991243CA593005FDC60 /* Assets.xcassets */ = {isa = PBXFileReference; lastKnownFileType = folder.assetcatalog; path = Assets.xcassets; sourceTree = "<group>"; };
		2AD34994243CA593005FDC60 /* Preview Assets.xcassets */ = {isa = PBXFileReference; lastKnownFileType = folder.assetcatalog; path = "Preview Assets.xcassets"; sourceTree = "<group>"; };
		2AD34997243CA593005FDC60 /* Base */ = {isa = PBXFileReference; lastKnownFileType = file.storyboard; name = Base; path = Base.lproj/LaunchScreen.storyboard; sourceTree = "<group>"; };
		2AD34999243CA593005FDC60 /* Info.plist */ = {isa = PBXFileReference; lastKnownFileType = text.plist.xml; path = Info.plist; sourceTree = "<group>"; };
		2AE80E83243F5F16006D0233 /* NeumorphicEffect.swift */ = {isa = PBXFileReference; lastKnownFileType = sourcecode.swift; path = NeumorphicEffect.swift; sourceTree = "<group>"; };
		2AE80E86243F5F65006D0233 /* AuthenticationView.swift */ = {isa = PBXFileReference; lastKnownFileType = sourcecode.swift; path = AuthenticationView.swift; sourceTree = "<group>"; };
		2AE80E89243F5FF1006D0233 /* SharedTextfield.swift */ = {isa = PBXFileReference; lastKnownFileType = sourcecode.swift; path = SharedTextfield.swift; sourceTree = "<group>"; };
		2AE80E8B243F603D006D0233 /* PasswordField.swift */ = {isa = PBXFileReference; lastKnownFileType = sourcecode.swift; path = PasswordField.swift; sourceTree = "<group>"; };
		2AE80E8D243F6075006D0233 /* LCButton.swift */ = {isa = PBXFileReference; lastKnownFileType = sourcecode.swift; path = LCButton.swift; sourceTree = "<group>"; };
		2AE80E90243F60AB006D0233 /* HapticFeedback.swift */ = {isa = PBXFileReference; lastKnownFileType = sourcecode.swift; path = HapticFeedback.swift; sourceTree = "<group>"; };
		2AE80E92243F60DA006D0233 /* LoginView.swift */ = {isa = PBXFileReference; lastKnownFileType = sourcecode.swift; path = LoginView.swift; sourceTree = "<group>"; };
		2AE80E94243F6113006D0233 /* FormModifier.swift */ = {isa = PBXFileReference; lastKnownFileType = sourcecode.swift; path = FormModifier.swift; sourceTree = "<group>"; };
		2AE80E96243F616E006D0233 /* NotificationCenterExt.swift */ = {isa = PBXFileReference; lastKnownFileType = sourcecode.swift; path = NotificationCenterExt.swift; sourceTree = "<group>"; };
		2AE80E98243F6304006D0233 /* AccountCreationView.swift */ = {isa = PBXFileReference; lastKnownFileType = sourcecode.swift; path = AccountCreationView.swift; sourceTree = "<group>"; };
/* End PBXFileReference section */

/* Begin PBXFrameworksBuildPhase section */
		2AD34985243CA592005FDC60 /* Frameworks */ = {
			isa = PBXFrameworksBuildPhase;
			buildActionMask = 2147483647;
			files = (
				2AACFE9B24420DAB0046B013 /* KeychainSwift in Frameworks */,
			);
			runOnlyForDeploymentPostprocessing = 0;
		};
/* End PBXFrameworksBuildPhase section */

/* Begin PBXGroup section */
		2A2EE7AA2445F98C00BE1AE7 /* Shapes */ = {
			isa = PBXGroup;
			children = (
				2A2EE7AB2445F99E00BE1AE7 /* CurvedShape.swift */,
			);
			path = Shapes;
			sourceTree = "<group>";
		};
		2A623D1B255684B800845695 /* Services */ = {
			isa = PBXGroup;
			children = (
				2A623D1C255684CA00845695 /* PasswordGeneratorService.swift */,
				2A623D302556922100845695 /* CoreDataManager.swift */,
			);
			path = Services;
			sourceTree = "<group>";
		};
		2A623D2725568F5300845695 /* ViewModels */ = {
			isa = PBXGroup;
			children = (
				2A623D2825568F6300845695 /* PasswordViewModel.swift */,
				2A623D2C25568F6C00845695 /* NoteViewModel.swift */,
			);
			path = ViewModels;
			sourceTree = "<group>";
		};
		2A67542A2469861900B7B8BD /* Styles */ = {
			isa = PBXGroup;
			children = (
				2A67542B2469862800B7B8BD /* CustomToggleStyle.swift */,
			);
			path = Styles;
			sourceTree = "<group>";
		};
		2A8D562D243E040000C6E1E7 /* Extensions */ = {
			isa = PBXGroup;
			children = (
				2A8D562E243E041400C6E1E7 /* ColorExt.swift */,
				2AE80E96243F616E006D0233 /* NotificationCenterExt.swift */,
				2A81C3012461654F009E257D /* StringExt.swift */,
				2A67542E2469888000B7B8BD /* LinearGradientExt.swift */,
				2A675430246988BF00B7B8BD /* ViewExt.swift */,
				2A623D37255698F800845695 /* DateExt.swift */,
			);
			path = Extensions;
			sourceTree = "<group>";
		};
		2AA1D698244F29A300AC8318 /* Utils */ = {
			isa = PBXGroup;
			children = (
				2AA1D699244F29C400AC8318 /* Filter.swift */,
				2A81C2FD24616480009E257D /* FormType.swift */,
			);
			path = Utils;
			sourceTree = "<group>";
		};
		2AB49BD12440B6E0004F92B8 /* Models */ = {
			isa = PBXGroup;
			children = (
				2AB49BD22440B6F9004F92B8 /* FormValidation.swift */,
				2AACFE9E24420F060046B013 /* User.swift */,
				2A623D2125568EFD00845695 /* PasswordItem.swift */,
				2A623D2425568F1700845695 /* NoteItem.swift */,
			);
			path = Models;
			sourceTree = "<group>";
		};
		2AD3497F243CA592005FDC60 = {
			isa = PBXGroup;
			children = (
				2AD3498A243CA592005FDC60 /* LastPassCloneSwiftUI */,
				2AD34989243CA592005FDC60 /* Products */,
			);
			sourceTree = "<group>";
		};
		2AD34989243CA592005FDC60 /* Products */ = {
			isa = PBXGroup;
			children = (
				2AD34988243CA592005FDC60 /* LastPassCloneSwiftUI.app */,
			);
			name = Products;
			sourceTree = "<group>";
		};
		2AD3498A243CA592005FDC60 /* LastPassCloneSwiftUI */ = {
			isa = PBXGroup;
			children = (
				2A623D2725568F5300845695 /* ViewModels */,
				2A623D1B255684B800845695 /* Services */,
				2A67542A2469861900B7B8BD /* Styles */,
				2AA1D698244F29A300AC8318 /* Utils */,
				2A2EE7AA2445F98C00BE1AE7 /* Shapes */,
				2AB49BD12440B6E0004F92B8 /* Models */,
				2AE80E8F243F609F006D0233 /* Shared */,
				2AE80E88243F5FE0006D0233 /* Views */,
				2AE80E85243F5F59006D0233 /* Screens */,
				2AE80E82243F5EED006D0233 /* Modifiers */,
				2A8D562D243E040000C6E1E7 /* Extensions */,
				2AD3498B243CA592005FDC60 /* AppDelegate.swift */,
				2AD3498D243CA592005FDC60 /* SceneDelegate.swift */,
				2AD3498F243CA592005FDC60 /* ContentView.swift */,
				2AD34991243CA593005FDC60 /* Assets.xcassets */,
				2AD34996243CA593005FDC60 /* LaunchScreen.storyboard */,
				2AD34999243CA593005FDC60 /* Info.plist */,
				2A8D562A243E02F000C6E1E7 /* SinglePass.xcdatamodeld */,
				2AD34993243CA593005FDC60 /* Preview Content */,
			);
			path = LastPassCloneSwiftUI;
			sourceTree = "<group>";
		};
		2AD34993243CA593005FDC60 /* Preview Content */ = {
			isa = PBXGroup;
			children = (
				2AD34994243CA593005FDC60 /* Preview Assets.xcassets */,
			);
			path = "Preview Content";
			sourceTree = "<group>";
		};
		2AE80E82243F5EED006D0233 /* Modifiers */ = {
			isa = PBXGroup;
			children = (
				2AE80E83243F5F16006D0233 /* NeumorphicEffect.swift */,
				2AE80E94243F6113006D0233 /* FormModifier.swift */,
				2A2EE7AD2445F9ED00BE1AE7 /* CurvedShapeModifier.swift */,
			);
			path = Modifiers;
			sourceTree = "<group>";
		};
		2AE80E85243F5F59006D0233 /* Screens */ = {
			isa = PBXGroup;
			children = (
				2AE80E86243F5F65006D0233 /* AuthenticationView.swift */,
				2AD0942B2458743A00E5C18F /* HomeView.swift */,
			);
			path = Screens;
			sourceTree = "<group>";
		};
		2AE80E88243F5FE0006D0233 /* Views */ = {
			isa = PBXGroup;
			children = (
				2AE80E89243F5FF1006D0233 /* SharedTextfield.swift */,
				2AE80E8B243F603D006D0233 /* PasswordField.swift */,
				2AE80E8D243F6075006D0233 /* LCButton.swift */,
				2AE80E92243F60DA006D0233 /* LoginView.swift */,
				2AE80E98243F6304006D0233 /* AccountCreationView.swift */,
				2A09EE5C24435D9D00F472C1 /* BiometricButtonLabel.swift */,
				2A2EE7A82445F89F00BE1AE7 /* NavBar.swift */,
				2A2EE7AF2445FB5B00BE1AE7 /* LCSearchField.swift */,
				2AA1D696244F28E400AC8318 /* FilterView.swift */,
				2AA1D69B244F2C7E00AC8318 /* HeaderView.swift */,
				2AD0942D2458745C00E5C18F /* RowItems.swift */,
				2AD0942F245875A700E5C18F /* SectionTitle.swift */,
				2A81C2FF246164C6009E257D /* FormHeader.swift */,
				2A81C30324616AC0009E257D /* EditFormView.swift */,
				2A6754282469856100B7B8BD /* PasswordGeneratorView.swift */,
				2A623D342556962900845695 /* FetchResultWrapper.swift */,
			);
			path = Views;
			sourceTree = "<group>";
		};
		2AE80E8F243F609F006D0233 /* Shared */ = {
			isa = PBXGroup;
			children = (
				2AE80E90243F60AB006D0233 /* HapticFeedback.swift */,
				2AB49BCF2440B6DD004F92B8 /* AuthenticationManager.swift */,
				2AACFE9C24420EDF0046B013 /* AuthKeys.swift */,
			);
			path = Shared;
			sourceTree = "<group>";
		};
/* End PBXGroup section */

/* Begin PBXNativeTarget section */
		2AD34987243CA592005FDC60 /* LastPassCloneSwiftUI */ = {
			isa = PBXNativeTarget;
			buildConfigurationList = 2AD3499C243CA593005FDC60 /* Build configuration list for PBXNativeTarget "LastPassCloneSwiftUI" */;
			buildPhases = (
				2AD34984243CA592005FDC60 /* Sources */,
				2AD34985243CA592005FDC60 /* Frameworks */,
				2AD34986243CA592005FDC60 /* Resources */,
			);
			buildRules = (
			);
			dependencies = (
			);
			name = LastPassCloneSwiftUI;
			packageProductDependencies = (
				2AACFE9A24420DAB0046B013 /* KeychainSwift */,
			);
			productName = LastPassCloneSwiftUI;
			productReference = 2AD34988243CA592005FDC60 /* LastPassCloneSwiftUI.app */;
			productType = "com.apple.product-type.application";
		};
/* End PBXNativeTarget section */

/* Begin PBXProject section */
		2AD34980243CA592005FDC60 /* Project object */ = {
			isa = PBXProject;
			attributes = {
				LastSwiftUpdateCheck = 1140;
				LastUpgradeCheck = 1140;
				ORGANIZATIONNAME = Antonilhin;
				TargetAttributes = {
					2AD34987243CA592005FDC60 = {
						CreatedOnToolsVersion = 11.4;
					};
				};
			};
			buildConfigurationList = 2AD34983243CA592005FDC60 /* Build configuration list for PBXProject "LastPassCloneSwiftUI" */;
			compatibilityVersion = "Xcode 9.3";
			developmentRegion = en;
			hasScannedForEncodings = 0;
			knownRegions = (
				en,
				Base,
			);
			mainGroup = 2AD3497F243CA592005FDC60;
			packageReferences = (
				2AACFE9924420DAB0046B013 /* XCRemoteSwiftPackageReference "keychain-swift" */,
			);
			productRefGroup = 2AD34989243CA592005FDC60 /* Products */;
			projectDirPath = "";
			projectRoot = "";
			targets = (
				2AD34987243CA592005FDC60 /* LastPassCloneSwiftUI */,
			);
		};
/* End PBXProject section */

/* Begin PBXResourcesBuildPhase section */
		2AD34986243CA592005FDC60 /* Resources */ = {
			isa = PBXResourcesBuildPhase;
			buildActionMask = 2147483647;
			files = (
				2AD34998243CA593005FDC60 /* LaunchScreen.storyboard in Resources */,
				2AD34995243CA593005FDC60 /* Preview Assets.xcassets in Resources */,
				2AD34992243CA593005FDC60 /* Assets.xcassets in Resources */,
			);
			runOnlyForDeploymentPostprocessing = 0;
		};
/* End PBXResourcesBuildPhase section */

/* Begin PBXSourcesBuildPhase section */
		2AD34984243CA592005FDC60 /* Sources */ = {
			isa = PBXSourcesBuildPhase;
			buildActionMask = 2147483647;
			files = (
				2AE80E8A243F5FF1006D0233 /* SharedTextfield.swift in Sources */,
				2A623D2925568F6300845695 /* PasswordViewModel.swift in Sources */,
				2A81C3022461654F009E257D /* StringExt.swift in Sources */,
				2A623D2D25568F6C00845695 /* NoteViewModel.swift in Sources */,
				2AD0942C2458743A00E5C18F /* HomeView.swift in Sources */,
				2AB49BD02440B6DD004F92B8 /* AuthenticationManager.swift in Sources */,
				2A8D562C243E02F000C6E1E7 /* SinglePass.xcdatamodeld in Sources */,
				2AE80E95243F6113006D0233 /* FormModifier.swift in Sources */,
				2AE80E91243F60AB006D0233 /* HapticFeedback.swift in Sources */,
				2A8D562F243E041400C6E1E7 /* ColorExt.swift in Sources */,
				2A623D312556922100845695 /* CoreDataManager.swift in Sources */,
				2AE80E84243F5F16006D0233 /* NeumorphicEffect.swift in Sources */,
				2A623D352556962900845695 /* FetchResultWrapper.swift in Sources */,
				2A81C300246164C6009E257D /* FormHeader.swift in Sources */,
				2AD0942E2458745C00E5C18F /* RowItems.swift in Sources */,
				2AE80E8C243F603D006D0233 /* PasswordField.swift in Sources */,
				2AA1D697244F28E400AC8318 /* FilterView.swift in Sources */,
				2AE80E93243F60DA006D0233 /* LoginView.swift in Sources */,
				2AB49BD32440B6F9004F92B8 /* FormValidation.swift in Sources */,
				2A2EE7AC2445F99E00BE1AE7 /* CurvedShape.swift in Sources */,
				2AE80E87243F5F65006D0233 /* AuthenticationView.swift in Sources */,
				2A2EE7A92445F89F00BE1AE7 /* NavBar.swift in Sources */,
				2AE80E97243F616E006D0233 /* NotificationCenterExt.swift in Sources */,
				2AE80E99243F6304006D0233 /* AccountCreationView.swift in Sources */,
				2A67542C2469862800B7B8BD /* CustomToggleStyle.swift in Sources */,
				2A6754292469856100B7B8BD /* PasswordGeneratorView.swift in Sources */,
				2A2EE7B02445FB5B00BE1AE7 /* LCSearchField.swift in Sources */,
				2A623D2225568EFD00845695 /* PasswordItem.swift in Sources */,
				2A623D1D255684CA00845695 /* PasswordGeneratorService.swift in Sources */,
				2AE80E8E243F6075006D0233 /* LCButton.swift in Sources */,
				2AD09430245875A700E5C18F /* SectionTitle.swift in Sources */,
				2AD3498C243CA592005FDC60 /* AppDelegate.swift in Sources */,
				2A623D2525568F1700845695 /* NoteItem.swift in Sources */,
				2A81C30424616AC0009E257D /* EditFormView.swift in Sources */,
				2AA1D69C244F2C7E00AC8318 /* HeaderView.swift in Sources */,
				2A675431246988BF00B7B8BD /* ViewExt.swift in Sources */,
				2AACFE9D24420EDF0046B013 /* AuthKeys.swift in Sources */,
				2A2EE7AE2445F9ED00BE1AE7 /* CurvedShapeModifier.swift in Sources */,
				2AD3498E243CA592005FDC60 /* SceneDelegate.swift in Sources */,
				2AD34990243CA592005FDC60 /* ContentView.swift in Sources */,
				2AA1D69A244F29C400AC8318 /* Filter.swift in Sources */,
				2A623D38255698F800845695 /* DateExt.swift in Sources */,
				2AACFE9F24420F060046B013 /* User.swift in Sources */,
				2A67542F2469888000B7B8BD /* LinearGradientExt.swift in Sources */,
				2A09EE5D24435D9D00F472C1 /* BiometricButtonLabel.swift in Sources */,
				2A81C2FE24616480009E257D /* FormType.swift in Sources */,
			);
			runOnlyForDeploymentPostprocessing = 0;
		};
/* End PBXSourcesBuildPhase section */

/* Begin PBXVariantGroup section */
		2AD34996243CA593005FDC60 /* LaunchScreen.storyboard */ = {
			isa = PBXVariantGroup;
			children = (
				2AD34997243CA593005FDC60 /* Base */,
			);
			name = LaunchScreen.storyboard;
			sourceTree = "<group>";
		};
/* End PBXVariantGroup section */

/* Begin XCBuildConfiguration section */
		2AD3499A243CA593005FDC60 /* Debug */ = {
			isa = XCBuildConfiguration;
			buildSettings = {
				ALWAYS_SEARCH_USER_PATHS = NO;
				CLANG_ANALYZER_NONNULL = YES;
				CLANG_ANALYZER_NUMBER_OBJECT_CONVERSION = YES_AGGRESSIVE;
				CLANG_CXX_LANGUAGE_STANDARD = "gnu++14";
				CLANG_CXX_LIBRARY = "libc++";
				CLANG_ENABLE_MODULES = YES;
				CLANG_ENABLE_OBJC_ARC = YES;
				CLANG_ENABLE_OBJC_WEAK = YES;
				CLANG_WARN_BLOCK_CAPTURE_AUTORELEASING = YES;
				CLANG_WARN_BOOL_CONVERSION = YES;
				CLANG_WARN_COMMA = YES;
				CLANG_WARN_CONSTANT_CONVERSION = YES;
				CLANG_WARN_DEPRECATED_OBJC_IMPLEMENTATIONS = YES;
				CLANG_WARN_DIRECT_OBJC_ISA_USAGE = YES_ERROR;
				CLANG_WARN_DOCUMENTATION_COMMENTS = YES;
				CLANG_WARN_EMPTY_BODY = YES;
				CLANG_WARN_ENUM_CONVERSION = YES;
				CLANG_WARN_INFINITE_RECURSION = YES;
				CLANG_WARN_INT_CONVERSION = YES;
				CLANG_WARN_NON_LITERAL_NULL_CONVERSION = YES;
				CLANG_WARN_OBJC_IMPLICIT_RETAIN_SELF = YES;
				CLANG_WARN_OBJC_LITERAL_CONVERSION = YES;
				CLANG_WARN_OBJC_ROOT_CLASS = YES_ERROR;
				CLANG_WARN_RANGE_LOOP_ANALYSIS = YES;
				CLANG_WARN_STRICT_PROTOTYPES = YES;
				CLANG_WARN_SUSPICIOUS_MOVE = YES;
				CLANG_WARN_UNGUARDED_AVAILABILITY = YES_AGGRESSIVE;
				CLANG_WARN_UNREACHABLE_CODE = YES;
				CLANG_WARN__DUPLICATE_METHOD_MATCH = YES;
				COPY_PHASE_STRIP = NO;
				DEBUG_INFORMATION_FORMAT = dwarf;
				ENABLE_STRICT_OBJC_MSGSEND = YES;
				ENABLE_TESTABILITY = YES;
				GCC_C_LANGUAGE_STANDARD = gnu11;
				GCC_DYNAMIC_NO_PIC = NO;
				GCC_NO_COMMON_BLOCKS = YES;
				GCC_OPTIMIZATION_LEVEL = 0;
				GCC_PREPROCESSOR_DEFINITIONS = (
					"DEBUG=1",
					"$(inherited)",
				);
				GCC_WARN_64_TO_32_BIT_CONVERSION = YES;
				GCC_WARN_ABOUT_RETURN_TYPE = YES_ERROR;
				GCC_WARN_UNDECLARED_SELECTOR = YES;
				GCC_WARN_UNINITIALIZED_AUTOS = YES_AGGRESSIVE;
				GCC_WARN_UNUSED_FUNCTION = YES;
				GCC_WARN_UNUSED_VARIABLE = YES;
				IPHONEOS_DEPLOYMENT_TARGET = 13.4;
				MTL_ENABLE_DEBUG_INFO = INCLUDE_SOURCE;
				MTL_FAST_MATH = YES;
				ONLY_ACTIVE_ARCH = YES;
				SDKROOT = iphoneos;
				SWIFT_ACTIVE_COMPILATION_CONDITIONS = DEBUG;
				SWIFT_OPTIMIZATION_LEVEL = "-Onone";
			};
			name = Debug;
		};
		2AD3499B243CA593005FDC60 /* Release */ = {
			isa = XCBuildConfiguration;
			buildSettings = {
				ALWAYS_SEARCH_USER_PATHS = NO;
				CLANG_ANALYZER_NONNULL = YES;
				CLANG_ANALYZER_NUMBER_OBJECT_CONVERSION = YES_AGGRESSIVE;
				CLANG_CXX_LANGUAGE_STANDARD = "gnu++14";
				CLANG_CXX_LIBRARY = "libc++";
				CLANG_ENABLE_MODULES = YES;
				CLANG_ENABLE_OBJC_ARC = YES;
				CLANG_ENABLE_OBJC_WEAK = YES;
				CLANG_WARN_BLOCK_CAPTURE_AUTORELEASING = YES;
				CLANG_WARN_BOOL_CONVERSION = YES;
				CLANG_WARN_COMMA = YES;
				CLANG_WARN_CONSTANT_CONVERSION = YES;
				CLANG_WARN_DEPRECATED_OBJC_IMPLEMENTATIONS = YES;
				CLANG_WARN_DIRECT_OBJC_ISA_USAGE = YES_ERROR;
				CLANG_WARN_DOCUMENTATION_COMMENTS = YES;
				CLANG_WARN_EMPTY_BODY = YES;
				CLANG_WARN_ENUM_CONVERSION = YES;
				CLANG_WARN_INFINITE_RECURSION = YES;
				CLANG_WARN_INT_CONVERSION = YES;
				CLANG_WARN_NON_LITERAL_NULL_CONVERSION = YES;
				CLANG_WARN_OBJC_IMPLICIT_RETAIN_SELF = YES;
				CLANG_WARN_OBJC_LITERAL_CONVERSION = YES;
				CLANG_WARN_OBJC_ROOT_CLASS = YES_ERROR;
				CLANG_WARN_RANGE_LOOP_ANALYSIS = YES;
				CLANG_WARN_STRICT_PROTOTYPES = YES;
				CLANG_WARN_SUSPICIOUS_MOVE = YES;
				CLANG_WARN_UNGUARDED_AVAILABILITY = YES_AGGRESSIVE;
				CLANG_WARN_UNREACHABLE_CODE = YES;
				CLANG_WARN__DUPLICATE_METHOD_MATCH = YES;
				COPY_PHASE_STRIP = NO;
				DEBUG_INFORMATION_FORMAT = "dwarf-with-dsym";
				ENABLE_NS_ASSERTIONS = NO;
				ENABLE_STRICT_OBJC_MSGSEND = YES;
				GCC_C_LANGUAGE_STANDARD = gnu11;
				GCC_NO_COMMON_BLOCKS = YES;
				GCC_WARN_64_TO_32_BIT_CONVERSION = YES;
				GCC_WARN_ABOUT_RETURN_TYPE = YES_ERROR;
				GCC_WARN_UNDECLARED_SELECTOR = YES;
				GCC_WARN_UNINITIALIZED_AUTOS = YES_AGGRESSIVE;
				GCC_WARN_UNUSED_FUNCTION = YES;
				GCC_WARN_UNUSED_VARIABLE = YES;
				IPHONEOS_DEPLOYMENT_TARGET = 13.4;
				MTL_ENABLE_DEBUG_INFO = NO;
				MTL_FAST_MATH = YES;
				SDKROOT = iphoneos;
				SWIFT_COMPILATION_MODE = wholemodule;
				SWIFT_OPTIMIZATION_LEVEL = "-O";
				VALIDATE_PRODUCT = YES;
			};
			name = Release;
		};
		2AD3499D243CA593005FDC60 /* Debug */ = {
			isa = XCBuildConfiguration;
			buildSettings = {
				ASSETCATALOG_COMPILER_APPICON_NAME = AppIcon;
				CODE_SIGN_STYLE = Automatic;
				DEVELOPMENT_ASSET_PATHS = "\"LastPassCloneSwiftUI/Preview Content\"";
				DEVELOPMENT_TEAM = 2G786TSNKY;
				ENABLE_PREVIEWS = YES;
				INFOPLIST_FILE = LastPassCloneSwiftUI/Info.plist;
				LD_RUNPATH_SEARCH_PATHS = (
					"$(inherited)",
					"@executable_path/Frameworks",
				);
				PRODUCT_BUNDLE_IDENTIFIER = id.antonilhin.LastPassCloneSwiftUI;
				PRODUCT_NAME = "$(TARGET_NAME)";
				SWIFT_VERSION = 5.0;
				TARGETED_DEVICE_FAMILY = "1,2";
			};
			name = Debug;
		};
		2AD3499E243CA593005FDC60 /* Release */ = {
			isa = XCBuildConfiguration;
			buildSettings = {
				ASSETCATALOG_COMPILER_APPICON_NAME = AppIcon;
				CODE_SIGN_STYLE = Automatic;
				DEVELOPMENT_ASSET_PATHS = "\"LastPassCloneSwiftUI/Preview Content\"";
				DEVELOPMENT_TEAM = 2G786TSNKY;
				ENABLE_PREVIEWS = YES;
				INFOPLIST_FILE = LastPassCloneSwiftUI/Info.plist;
				LD_RUNPATH_SEARCH_PATHS = (
					"$(inherited)",
					"@executable_path/Frameworks",
				);
				PRODUCT_BUNDLE_IDENTIFIER = id.antonilhin.LastPassCloneSwiftUI;
				PRODUCT_NAME = "$(TARGET_NAME)";
				SWIFT_VERSION = 5.0;
				TARGETED_DEVICE_FAMILY = "1,2";
			};
			name = Release;
		};
/* End XCBuildConfiguration section */

/* Begin XCConfigurationList section */
		2AD34983243CA592005FDC60 /* Build configuration list for PBXProject "LastPassCloneSwiftUI" */ = {
			isa = XCConfigurationList;
			buildConfigurations = (
				2AD3499A243CA593005FDC60 /* Debug */,
				2AD3499B243CA593005FDC60 /* Release */,
			);
			defaultConfigurationIsVisible = 0;
			defaultConfigurationName = Release;
		};
		2AD3499C243CA593005FDC60 /* Build configuration list for PBXNativeTarget "LastPassCloneSwiftUI" */ = {
			isa = XCConfigurationList;
			buildConfigurations = (
				2AD3499D243CA593005FDC60 /* Debug */,
				2AD3499E243CA593005FDC60 /* Release */,
			);
			defaultConfigurationIsVisible = 0;
			defaultConfigurationName = Release;
		};
/* End XCConfigurationList section */

/* Begin XCRemoteSwiftPackageReference section */
		2AACFE9924420DAB0046B013 /* XCRemoteSwiftPackageReference "keychain-swift" */ = {
			isa = XCRemoteSwiftPackageReference;
			repositoryURL = "https://github.com/evgenyneu/keychain-swift.git";
			requirement = {
				kind = upToNextMajorVersion;
				minimumVersion = 19.0.0;
			};
		};
/* End XCRemoteSwiftPackageReference section */

/* Begin XCSwiftPackageProductDependency section */
		2AACFE9A24420DAB0046B013 /* KeychainSwift */ = {
			isa = XCSwiftPackageProductDependency;
			package = 2AACFE9924420DAB0046B013 /* XCRemoteSwiftPackageReference "keychain-swift" */;
			productName = KeychainSwift;
		};
/* End XCSwiftPackageProductDependency section */

/* Begin XCVersionGroup section */
		2A8D562A243E02F000C6E1E7 /* SinglePass.xcdatamodeld */ = {
			isa = XCVersionGroup;
			children = (
				2A8D562B243E02F000C6E1E7 /* SinglePass.xcdatamodel */,
			);
			currentVersion = 2A8D562B243E02F000C6E1E7 /* SinglePass.xcdatamodel */;
			path = SinglePass.xcdatamodeld;
			sourceTree = "<group>";
			versionGroupType = wrapper.xcdatamodel;
		};
/* End XCVersionGroup section */
	};
	rootObject = 2AD34980243CA592005FDC60 /* Project object */;
}
